[root]
name = "sea-of-nodes"
version = "0.1.0"
dependencies = [
 "petgraph 0.2.7 (registry+https://github.com/rust-lang/crates.io-index)",
]

[[package]]
name = "fixedbitset"
version = "0.1.1"
source = "registry+https://github.com/rust-lang/crates.io-index"

[[package]]
name = "petgraph"
version = "0.2.7"
source = "registry+https://github.com/rust-lang/crates.io-index"
dependencies = [
 "fixedbitset 0.1.1 (registry+https://github.com/rust-lang/crates.io-index)",
]

