// !$*UTF8*$!
{
	archiveVersion = 1;
	classes = {
	};
	objectVersion = 50;
	objects = {

/* Begin PBXBuildFile section */
		1F94D03A3BFEA87805AAB915 /* MenuViewController.swift in Sources */ = {isa = PBXBuildFile; fileRef = 1F94D9DAF528623F94DE6B21 /* MenuViewController.swift */; };
		1F94D3B63E61C3F52ADB5FBF /* StickyViewOnCollectionView.swift in Sources */ = {isa = PBXBuildFile; fileRef = 1F94DE23A5BC8816B2C82CCC /* StickyViewOnCollectionView.swift */; };
		1F94D553F0C4A95A846A591E /* ConstraintLayouts.swift in Sources */ = {isa = PBXBuildFile; fileRef = 1F94D37273904D104B9A5BE7 /* ConstraintLayouts.swift */; };
		1F94D5AAC49975B29BE05AED /* FancyCollectionView.swift in Sources */ = {isa = PBXBuildFile; fileRef = 1F94D178D645E3E65459D19E /* FancyCollectionView.swift */; };
		1F94D6A7D5A226E800002FE7 /* FancyTableView.swift in Sources */ = {isa = PBXBuildFile; fileRef = 1F94DC58DC3F0C565CA6C62C /* FancyTableView.swift */; };
		1F94D9F5506B231A0935B65D /* Misc.swift in Sources */ = {isa = PBXBuildFile; fileRef = 1F94DE68EC5A74B850FF123D /* Misc.swift */; };
		1F94DB85FFFD0EEF50DA4C70 /* MutableTableView.swift in Sources */ = {isa = PBXBuildFile; fileRef = 1F94D8C8164CB637A399E88B /* MutableTableView.swift */; };
		1F94DBC765066FFAD2EDB93C /* Router.swift in Sources */ = {isa = PBXBuildFile; fileRef = 1F94D0FD92013B14FDCC272F /* Router.swift */; };
		BF3BF59820F45F90003491E2 /* AppDelegate.swift in Sources */ = {isa = PBXBuildFile; fileRef = BF3BF59720F45F90003491E2 /* AppDelegate.swift */; };
		BF3BF59A20F45F90003491E2 /* ViewControllers.swift in Sources */ = {isa = PBXBuildFile; fileRef = BF3BF59920F45F90003491E2 /* ViewControllers.swift */; };
		BF3BF59F20F45F92003491E2 /* Assets.xcassets in Resources */ = {isa = PBXBuildFile; fileRef = BF3BF59E20F45F92003491E2 /* Assets.xcassets */; };
/* End PBXBuildFile section */

/* Begin PBXFileReference section */
		1F94D0FD92013B14FDCC272F /* Router.swift */ = {isa = PBXFileReference; fileEncoding = 4; lastKnownFileType = sourcecode.swift; path = Router.swift; sourceTree = "<group>"; };
		1F94D178D645E3E65459D19E /* FancyCollectionView.swift */ = {isa = PBXFileReference; fileEncoding = 4; lastKnownFileType = sourcecode.swift; path = FancyCollectionView.swift; sourceTree = "<group>"; };
		1F94D37273904D104B9A5BE7 /* ConstraintLayouts.swift */ = {isa = PBXFileReference; fileEncoding = 4; lastKnownFileType = sourcecode.swift; path = ConstraintLayouts.swift; sourceTree = "<group>"; };
		1F94D8C8164CB637A399E88B /* MutableTableView.swift */ = {isa = PBXFileReference; fileEncoding = 4; lastKnownFileType = sourcecode.swift; path = MutableTableView.swift; sourceTree = "<group>"; };
		1F94D9DAF528623F94DE6B21 /* MenuViewController.swift */ = {isa = PBXFileReference; fileEncoding = 4; lastKnownFileType = sourcecode.swift; path = MenuViewController.swift; sourceTree = "<group>"; };
		1F94DC58DC3F0C565CA6C62C /* FancyTableView.swift */ = {isa = PBXFileReference; fileEncoding = 4; lastKnownFileType = sourcecode.swift; path = FancyTableView.swift; sourceTree = "<group>"; };
		1F94DE23A5BC8816B2C82CCC /* StickyViewOnCollectionView.swift */ = {isa = PBXFileReference; fileEncoding = 4; lastKnownFileType = sourcecode.swift; path = StickyViewOnCollectionView.swift; sourceTree = "<group>"; };
		1F94DE68EC5A74B850FF123D /* Misc.swift */ = {isa = PBXFileReference; fileEncoding = 4; lastKnownFileType = sourcecode.swift; path = Misc.swift; sourceTree = "<group>"; };
		BF3BF59420F45F90003491E2 /* PlayWithViewControllers.app */ = {isa = PBXFileReference; explicitFileType = wrapper.application; includeInIndex = 0; path = PlayWithViewControllers.app; sourceTree = BUILT_PRODUCTS_DIR; };
		BF3BF59720F45F90003491E2 /* AppDelegate.swift */ = {isa = PBXFileReference; lastKnownFileType = sourcecode.swift; path = AppDelegate.swift; sourceTree = "<group>"; };
		BF3BF59920F45F90003491E2 /* ViewControllers.swift */ = {isa = PBXFileReference; lastKnownFileType = sourcecode.swift; path = ViewControllers.swift; sourceTree = "<group>"; };
		BF3BF59E20F45F92003491E2 /* Assets.xcassets */ = {isa = PBXFileReference; lastKnownFileType = folder.assetcatalog; path = Assets.xcassets; sourceTree = "<group>"; };
		BF3BF5A320F45F92003491E2 /* Info.plist */ = {isa = PBXFileReference; lastKnownFileType = text.plist.xml; path = Info.plist; sourceTree = "<group>"; };
/* End PBXFileReference section */

/* Begin PBXFrameworksBuildPhase section */
		BF3BF59120F45F90003491E2 /* Frameworks */ = {
			isa = PBXFrameworksBuildPhase;
			buildActionMask = 2147483647;
			files = (
			);
			runOnlyForDeploymentPostprocessing = 0;
		};
/* End PBXFrameworksBuildPhase section */

/* Begin PBXGroup section */
		BF3BF58B20F45F90003491E2 = {
			isa = PBXGroup;
			children = (
				BF3BF59620F45F90003491E2 /* PlayWithViewControllers */,
				BF3BF59520F45F90003491E2 /* Products */,
			);
			sourceTree = "<group>";
		};
		BF3BF59520F45F90003491E2 /* Products */ = {
			isa = PBXGroup;
			children = (
				BF3BF59420F45F90003491E2 /* PlayWithViewControllers.app */,
			);
			name = Products;
			sourceTree = "<group>";
		};
		BF3BF59620F45F90003491E2 /* PlayWithViewControllers */ = {
			isa = PBXGroup;
			children = (
				BF3BF59720F45F90003491E2 /* AppDelegate.swift */,
				BF3BF59920F45F90003491E2 /* ViewControllers.swift */,
				BF3BF59E20F45F92003491E2 /* Assets.xcassets */,
				BF3BF5A320F45F92003491E2 /* Info.plist */,
				1F94D9DAF528623F94DE6B21 /* MenuViewController.swift */,
				1F94D37273904D104B9A5BE7 /* ConstraintLayouts.swift */,
				1F94DC58DC3F0C565CA6C62C /* FancyTableView.swift */,
				1F94DE68EC5A74B850FF123D /* Misc.swift */,
				1F94D0FD92013B14FDCC272F /* Router.swift */,
				1F94D8C8164CB637A399E88B /* MutableTableView.swift */,
				1F94D178D645E3E65459D19E /* FancyCollectionView.swift */,
				1F94DE23A5BC8816B2C82CCC /* StickyViewOnCollectionView.swift */,
			);
			path = PlayWithViewControllers;
			sourceTree = "<group>";
		};
/* End PBXGroup section */

/* Begin PBXNativeTarget section */
		BF3BF59320F45F90003491E2 /* PlayWithViewControllers */ = {
			isa = PBXNativeTarget;
			buildConfigurationList = BF3BF5A620F45F92003491E2 /* Build configuration list for PBXNativeTarget "PlayWithViewControllers" */;
			buildPhases = (
				BF3BF59020F45F90003491E2 /* Sources */,
				BF3BF59120F45F90003491E2 /* Frameworks */,
				BF3BF59220F45F90003491E2 /* Resources */,
			);
			buildRules = (
			);
			dependencies = (
			);
			name = PlayWithViewControllers;
			productName = PlayWithViewControllers;
			productReference = BF3BF59420F45F90003491E2 /* PlayWithViewControllers.app */;
			productType = "com.apple.product-type.application";
		};
/* End PBXNativeTarget section */

/* Begin PBXProject section */
		BF3BF58C20F45F90003491E2 /* Project object */ = {
			isa = PBXProject;
			attributes = {
				LastSwiftUpdateCheck = 0940;
				LastUpgradeCheck = 0940;
				ORGANIZATIONNAME = "Yuxiang JIANG";
				TargetAttributes = {
					BF3BF59320F45F90003491E2 = {
						CreatedOnToolsVersion = 9.4;
					};
				};
			};
			buildConfigurationList = BF3BF58F20F45F90003491E2 /* Build configuration list for PBXProject "PlayWithViewControllers" */;
			compatibilityVersion = "Xcode 9.3";
			developmentRegion = en;
			hasScannedForEncodings = 0;
			knownRegions = (
				en,
				Base,
			);
			mainGroup = BF3BF58B20F45F90003491E2;
			productRefGroup = BF3BF59520F45F90003491E2 /* Products */;
			projectDirPath = "";
			projectRoot = "";
			targets = (
				BF3BF59320F45F90003491E2 /* PlayWithViewControllers */,
			);
		};
/* End PBXProject section */

/* Begin PBXResourcesBuildPhase section */
		BF3BF59220F45F90003491E2 /* Resources */ = {
			isa = PBXResourcesBuildPhase;
			buildActionMask = 2147483647;
			files = (
				BF3BF59F20F45F92003491E2 /* Assets.xcassets in Resources */,
			);
			runOnlyForDeploymentPostprocessing = 0;
		};
/* End PBXResourcesBuildPhase section */

/* Begin PBXSourcesBuildPhase section */
		BF3BF59020F45F90003491E2 /* Sources */ = {
			isa = PBXSourcesBuildPhase;
			buildActionMask = 2147483647;
			files = (
				BF3BF59A20F45F90003491E2 /* ViewControllers.swift in Sources */,
				BF3BF59820F45F90003491E2 /* AppDelegate.swift in Sources */,
				1F94D03A3BFEA87805AAB915 /* MenuViewController.swift in Sources */,
				1F94D553F0C4A95A846A591E /* ConstraintLayouts.swift in Sources */,
				1F94D6A7D5A226E800002FE7 /* FancyTableView.swift in Sources */,
				1F94D9F5506B231A0935B65D /* Misc.swift in Sources */,
				1F94DBC765066FFAD2EDB93C /* Router.swift in Sources */,
				1F94DB85FFFD0EEF50DA4C70 /* MutableTableView.swift in Sources */,
				1F94D5AAC49975B29BE05AED /* FancyCollectionView.swift in Sources */,
				1F94D3B63E61C3F52ADB5FBF /* StickyViewOnCollectionView.swift in Sources */,
			);
			runOnlyForDeploymentPostprocessing = 0;
		};
/* End PBXSourcesBuildPhase section */

/* Begin XCBuildConfiguration section */
		BF3BF5A420F45F92003491E2 /* Debug */ = {
			isa = XCBuildConfiguration;
			buildSettings = {
				ALWAYS_SEARCH_USER_PATHS = NO;
				CLANG_ANALYZER_NONNULL = YES;
				CLANG_ANALYZER_NUMBER_OBJECT_CONVERSION = YES_AGGRESSIVE;
				CLANG_CXX_LANGUAGE_STANDARD = "gnu++14";
				CLANG_CXX_LIBRARY = "libc++";
				CLANG_ENABLE_MODULES = YES;
				CLANG_ENABLE_OBJC_ARC = YES;
				CLANG_ENABLE_OBJC_WEAK = YES;
				CLANG_WARN_BLOCK_CAPTURE_AUTORELEASING = YES;
				CLANG_WARN_BOOL_CONVERSION = YES;
				CLANG_WARN_COMMA = YES;
				CLANG_WARN_CONSTANT_CONVERSION = YES;
				CLANG_WARN_DEPRECATED_OBJC_IMPLEMENTATIONS = YES;
				CLANG_WARN_DIRECT_OBJC_ISA_USAGE = YES_ERROR;
				CLANG_WARN_DOCUMENTATION_COMMENTS = YES;
				CLANG_WARN_EMPTY_BODY = YES;
				CLANG_WARN_ENUM_CONVERSION = YES;
				CLANG_WARN_INFINITE_RECURSION = YES;
				CLANG_WARN_INT_CONVERSION = YES;
				CLANG_WARN_NON_LITERAL_NULL_CONVERSION = YES;
				CLANG_WARN_OBJC_IMPLICIT_RETAIN_SELF = YES;
				CLANG_WARN_OBJC_LITERAL_CONVERSION = YES;
				CLANG_WARN_OBJC_ROOT_CLASS = YES_ERROR;
				CLANG_WARN_RANGE_LOOP_ANALYSIS = YES;
				CLANG_WARN_STRICT_PROTOTYPES = YES;
				CLANG_WARN_SUSPICIOUS_MOVE = YES;
				CLANG_WARN_UNGUARDED_AVAILABILITY = YES_AGGRESSIVE;
				CLANG_WARN_UNREACHABLE_CODE = YES;
				CLANG_WARN__DUPLICATE_METHOD_MATCH = YES;
				CODE_SIGN_IDENTITY = "iPhone Developer";
				COPY_PHASE_STRIP = NO;
				DEBUG_INFORMATION_FORMAT = dwarf;
				ENABLE_STRICT_OBJC_MSGSEND = YES;
				ENABLE_TESTABILITY = YES;
				GCC_C_LANGUAGE_STANDARD = gnu11;
				GCC_DYNAMIC_NO_PIC = NO;
				GCC_NO_COMMON_BLOCKS = YES;
				GCC_OPTIMIZATION_LEVEL = 0;
				GCC_PREPROCESSOR_DEFINITIONS = (
					"DEBUG=1",
					"$(inherited)",
				);
				GCC_WARN_64_TO_32_BIT_CONVERSION = YES;
				GCC_WARN_ABOUT_RETURN_TYPE = YES_ERROR;
				GCC_WARN_UNDECLARED_SELECTOR = YES;
				GCC_WARN_UNINITIALIZED_AUTOS = YES_AGGRESSIVE;
				GCC_WARN_UNUSED_FUNCTION = YES;
				GCC_WARN_UNUSED_VARIABLE = YES;
				IPHONEOS_DEPLOYMENT_TARGET = 11.4;
				MTL_ENABLE_DEBUG_INFO = YES;
				ONLY_ACTIVE_ARCH = YES;
				SDKROOT = iphoneos;
				SWIFT_ACTIVE_COMPILATION_CONDITIONS = DEBUG;
				SWIFT_OPTIMIZATION_LEVEL = "-Onone";
			};
			name = Debug;
		};
		BF3BF5A520F45F92003491E2 /* Release */ = {
			isa = XCBuildConfiguration;
			buildSettings = {
				ALWAYS_SEARCH_USER_PATHS = NO;
				CLANG_ANALYZER_NONNULL = YES;
				CLANG_ANALYZER_NUMBER_OBJECT_CONVERSION = YES_AGGRESSIVE;
				CLANG_CXX_LANGUAGE_STANDARD = "gnu++14";
				CLANG_CXX_LIBRARY = "libc++";
				CLANG_ENABLE_MODULES = YES;
				CLANG_ENABLE_OBJC_ARC = YES;
				CLANG_ENABLE_OBJC_WEAK = YES;
				CLANG_WARN_BLOCK_CAPTURE_AUTORELEASING = YES;
				CLANG_WARN_BOOL_CONVERSION = YES;
				CLANG_WARN_COMMA = YES;
				CLANG_WARN_CONSTANT_CONVERSION = YES;
				CLANG_WARN_DEPRECATED_OBJC_IMPLEMENTATIONS = YES;
				CLANG_WARN_DIRECT_OBJC_ISA_USAGE = YES_ERROR;
				CLANG_WARN_DOCUMENTATION_COMMENTS = YES;
				CLANG_WARN_EMPTY_BODY = YES;
				CLANG_WARN_ENUM_CONVERSION = YES;
				CLANG_WARN_INFINITE_RECURSION = YES;
				CLANG_WARN_INT_CONVERSION = YES;
				CLANG_WARN_NON_LITERAL_NULL_CONVERSION = YES;
				CLANG_WARN_OBJC_IMPLICIT_RETAIN_SELF = YES;
				CLANG_WARN_OBJC_LITERAL_CONVERSION = YES;
				CLANG_WARN_OBJC_ROOT_CLASS = YES_ERROR;
				CLANG_WARN_RANGE_LOOP_ANALYSIS = YES;
				CLANG_WARN_STRICT_PROTOTYPES = YES;
				CLANG_WARN_SUSPICIOUS_MOVE = YES;
				CLANG_WARN_UNGUARDED_AVAILABILITY = YES_AGGRESSIVE;
				CLANG_WARN_UNREACHABLE_CODE = YES;
				CLANG_WARN__DUPLICATE_METHOD_MATCH = YES;
				CODE_SIGN_IDENTITY = "iPhone Developer";
				COPY_PHASE_STRIP = NO;
				DEBUG_INFORMATION_FORMAT = "dwarf-with-dsym";
				ENABLE_NS_ASSERTIONS = NO;
				ENABLE_STRICT_OBJC_MSGSEND = YES;
				GCC_C_LANGUAGE_STANDARD = gnu11;
				GCC_NO_COMMON_BLOCKS = YES;
				GCC_WARN_64_TO_32_BIT_CONVERSION = YES;
				GCC_WARN_ABOUT_RETURN_TYPE = YES_ERROR;
				GCC_WARN_UNDECLARED_SELECTOR = YES;
				GCC_WARN_UNINITIALIZED_AUTOS = YES_AGGRESSIVE;
				GCC_WARN_UNUSED_FUNCTION = YES;
				GCC_WARN_UNUSED_VARIABLE = YES;
				IPHONEOS_DEPLOYMENT_TARGET = 11.4;
				MTL_ENABLE_DEBUG_INFO = NO;
				SDKROOT = iphoneos;
				SWIFT_COMPILATION_MODE = wholemodule;
				SWIFT_OPTIMIZATION_LEVEL = "-O";
				VALIDATE_PRODUCT = YES;
			};
			name = Release;
		};
		BF3BF5A720F45F92003491E2 /* Debug */ = {
			isa = XCBuildConfiguration;
			buildSettings = {
				ASSETCATALOG_COMPILER_APPICON_NAME = AppIcon;
				CODE_SIGN_STYLE = Automatic;
				INFOPLIST_FILE = PlayWithViewControllers/Info.plist;
				LD_RUNPATH_SEARCH_PATHS = (
					"$(inherited)",
					"@executable_path/Frameworks",
				);
				PRODUCT_BUNDLE_IDENTIFIER = com.github.overminder.PlayWithViewControllers;
				PRODUCT_NAME = "$(TARGET_NAME)";
				SWIFT_VERSION = 4.0;
				TARGETED_DEVICE_FAMILY = "1,2";
			};
			name = Debug;
		};
		BF3BF5A820F45F92003491E2 /* Release */ = {
			isa = XCBuildConfiguration;
			buildSettings = {
				ASSETCATALOG_COMPILER_APPICON_NAME = AppIcon;
				CODE_SIGN_STYLE = Automatic;
				INFOPLIST_FILE = PlayWithViewControllers/Info.plist;
				LD_RUNPATH_SEARCH_PATHS = (
					"$(inherited)",
					"@executable_path/Frameworks",
				);
				PRODUCT_BUNDLE_IDENTIFIER = com.github.overminder.PlayWithViewControllers;
				PRODUCT_NAME = "$(TARGET_NAME)";
				SWIFT_VERSION = 4.0;
				TARGETED_DEVICE_FAMILY = "1,2";
			};
			name = Release;
		};
/* End XCBuildConfiguration section */

/* Begin XCConfigurationList section */
		BF3BF58F20F45F90003491E2 /* Build configuration list for PBXProject "PlayWithViewControllers" */ = {
			isa = XCConfigurationList;
			buildConfigurations = (
				BF3BF5A420F45F92003491E2 /* Debug */,
				BF3BF5A520F45F92003491E2 /* Release */,
			);
			defaultConfigurationIsVisible = 0;
			defaultConfigurationName = Release;
		};
		BF3BF5A620F45F92003491E2 /* Build configuration list for PBXNativeTarget "PlayWithViewControllers" */ = {
			isa = XCConfigurationList;
			buildConfigurations = (
				BF3BF5A720F45F92003491E2 /* Debug */,
				BF3BF5A820F45F92003491E2 /* Release */,
			);
			defaultConfigurationIsVisible = 0;
			defaultConfigurationName = Release;
		};
/* End XCConfigurationList section */
	};
	rootObject = BF3BF58C20F45F90003491E2 /* Project object */;
}
